
cloud.google.com/go v0.26.0/go.mod h1:aQUYkXzVsufM+DwF1aE+0xfcU+56JwCaLick0ClmMTw=
cloud.google.com/go v0.31.0/go.mod h1:aQUYkXzVsufM+DwF1aE+0xfcU+56JwCaLick0ClmMTw=
cloud.google.com/go v0.34.0/go.mod h1:aQUYkXzVsufM+DwF1aE+0xfcU+56JwCaLick0ClmMTw=
cloud.google.com/go v0.37.0/go.mod h1:TS1dMSSfndXH133OKGwekG838Om/cQT0BUHV3HcBgoo=
cloud.google.com/go v0.38.0/go.mod h1:990N+gfupTy94rShfmMCWGDn0LpTmnzTp2qbd1dvSRU=
cloud.google.com/go v0.44.1/go.mod h1:iSa0KzasP4Uvy3f1mN/7PiObzGgflwredwwASm/v6AU=
cloud.google.com/go v0.44.2/go.mod h1:60680Gw3Yr4ikxnPRS/oxxkBccT6SA1yMk63TGekxKY=
cloud.google.com/go v0.45.1/go.mod h1:RpBamKRgapWJb87xiFSdk4g1CME7QZg3uwTez+TSTjc=
cloud.google.com/go v0.46.3/go.mod h1:a6bKKbmY7er1mI7TEI4lsAkts/mkhTSZK8w33B4RAg0=
cloud.google.com/go v0.50.0/go.mod h1:r9sluTvynVuxRIOHXQEHMFffphuXHOMZMycpNR5e6To=
cloud.google.com/go v0.52.0/go.mod h1:pXajvRH/6o3+F9jDHZWQ5PbGhn+o8w9qiu/CffaVdO4=
cloud.google.com/go v0.53.0/go.mod h1:fp/UouUEsRkN6ryDKNW/Upv/JBKnv6WDthjR6+vze6M=
cloud.google.com/go v0.54.0/go.mod h1:1rq2OEkV3YMf6n/9ZvGWI3GWw0VoqH/1x2nd8Is/bPc=
cloud.google.com/go v0.56.0/go.mod h1:jr7tqZxxKOVYizybht9+26Z/gUq7tiRzu+ACVAMbKVk=
cloud.google.com/go v0.57.0/go.mod h1:oXiQ6Rzq3RAkkY7N6t3TcE6jE+CIBBbA36lwQ1JyzZs=
cloud.google.com/go v0.62.0/go.mod h1:jmCYTdRCQuc1PHIIJ/maLInMho30T/Y0M4hTdTShOYc=
cloud.google.com/go v0.65.0/go.mod h1:O5N8zS7uWy9vkA9vayVHs65eM1ubvY4h553ofrNHObY=
cloud.google.com/go v0.72.0/go.mod h1:M+5Vjvlc2wnp6tjzE102Dw08nGShTscUx2nZMufOKPI=
cloud.google.com/go v0.74.0/go.mod h1:VV1xSbzvo+9QJOxLDaJfTjx5e+MePCpCWwvftOeQmWk=
cloud.google.com/go v0.78.0/go.mod h1:QjdrLG0uq+YwhjoVOLsS1t7TW8fs36kLs4XO5R5ECHg=
cloud.google.com/go v0.79.0/go.mod h1:3bzgcEeQlzbuEAYu4mrWhKqWjmpprinYgKJLgKHnbb8=
cloud.google.com/go v0.81.0/go.mod h1:mk/AM35KwGk/Nm2YSeZbxXdrNK3KZOYHmLkOqC2V6E0=
cloud.google.com/go v0.83.0/go.mod h1:Z7MJUsANfY0pYPdw0lbnivPx4/vhy/e2FEkSkF7vAVY=
cloud.google.com/go v0.84.0/go.mod h1:RazrYuxIK6Kb7YrzzhPoLmCVzl7Sup4NrbKPg8KHSUM=
cloud.google.com/go v0.87.0/go.mod h1:TpDYlFy7vuLzZMMZ+B6iRiELaY7z/gJPaqbMx6mlWcY=
cloud.google.com/go v0.90.0/go.mod h1:kRX0mNRHe0e2rC6oNakvwQqzyDmg57xJ+SZU1eT2aDQ=
cloud.google.com/go v0.93.3/go.mod h1:8utlLll2EF5XMAV15woO4lSbWQlk8rer9aLOfLh7+YI=
cloud.google.com/go v0.94.1/go.mod h1:qAlAugsXlC+JWO+Bke5vCtc9ONxjQT3drlTTnAplMW4=
cloud.google.com/go v0.97.0/go.mod h1:GF7l59pYBVlXQIBLx3a761cZ41F9bBH3JUlihCt2Udc=
cloud.google.com/go v0.99.0/go.mod h1:w0Xx2nLzqWJPuozYQX+hFfCSI8WioryfRDzkoI/Y2ZA=
cloud.google.com/go v0.100.1/go.mod h1:fs4QogzfH5n2pBXBP9vRiU+eCny7lD2vmFZy79Iuw1U=
cloud.google.com/go v0.100.2/go.mod h1:4Xra9TjzAeYHrl5+oeLlzbM2k3mjVhZh4UqTZ//w99A=
cloud.google.com/go v0.102.0/go.mod h1:oWcCzKlqJ5zgHQt9YsaeTY9KzIvjyy0ArmiBUgpQ+nc=
cloud.google.com/go v0.102.1/go.mod h1:XZ77E9qnTEnrgEOvr4xzfdX5TRo7fB4T2F4O6+34hIU=
cloud.google.com/go v0.104.0/go.mod h1:OO6xxXdJyvuJPcEPBLN9BJPD+jep5G1+2U5B5gkRYtA=
cloud.google.com/go v0.105.0 h1:DNtEKRBAAzeS4KyIory52wWHuClNaXJ5x1F7xa4q+5Y=
cloud.google.com/go v0.105.0/go.mod h1:PrLgOJNe5nfE9UMxKxgXj4mD3voiP+YQ6gdt6KMFOKM=
cloud.google.com/go/accessapproval v1.4.0/go.mod h1:zybIuC3KpDOvotz59lFe5qxRZx6C75OtwbisN56xYB4=
cloud.google.com/go/accessapproval v1.5.0/go.mod h1:HFy3tuiGvMdcd/u+Cu5b9NkO1pEICJ46IR82PoUdplw=
cloud.google.com/go/accesscontextmanager v1.3.0/go.mod h1:TgCBehyr5gNMz7ZaH9xubp+CE8dkrszb4oK9CWyvD4o=
cloud.google.com/go/accesscontextmanager v1.4.0/go.mod h1:/Kjh7BBu/Gh83sv+K60vN9QE5NJcd80sU33vIe2IFPE=
cloud.google.com/go/aiplatform v1.22.0/go.mod h1:ig5Nct50bZlzV6NvKaTwmplLLddFx0YReh9WfTO5jKw=
cloud.google.com/go/aiplatform v1.24.0/go.mod h1:67UUvRBKG6GTayHKV8DBv2RtR1t93YRu5B1P3x99mYY=
cloud.google.com/go/aiplatform v1.27.0/go.mod h1:Bvxqtl40l0WImSb04d0hXFU7gDOiq9jQmorivIiWcKg=
cloud.google.com/go/analytics v0.11.0/go.mod h1:DjEWCu41bVbYcKyvlws9Er60YE4a//bK6mnhWvQeFNI=
cloud.google.com/go/analytics v0.12.0/go.mod h1:gkfj9h6XRf9+TS4bmuhPEShsh3hH8PAZzm/41OOhQd4=
cloud.google.com/go/apigateway v1.3.0/go.mod h1:89Z8Bhpmxu6AmUxuVRg/ECRGReEdiP3vQtk4Z1J9rJk=
cloud.google.com/go/apigateway v1.4.0/go.mod h1:pHVY9MKGaH9PQ3pJ4YLzoj6U5FUDeDFBllIz7WmzJoc=
cloud.google.com/go/apigeeconnect v1.3.0/go.mod h1:G/AwXFAKo0gIXkPTVfZDd2qA1TxBXJ3MgMRBQkIi9jc=
cloud.google.com/go/apigeeconnect v1.4.0/go.mod h1:kV4NwOKqjvt2JYR0AoIWo2QGfoRtn/pkS3QlHp0Ni04=
cloud.google.com/go/appengine v1.4.0/go.mod h1:CS2NhuBuDXM9f+qscZ6V86m1MIIqPj3WC/UoEuR1Sno=
cloud.google.com/go/appengine v1.5.0/go.mod h1:TfasSozdkFI0zeoxW3PTBLiNqRmzraodCWatWI9Dmak=
cloud.google.com/go/area120 v0.5.0/go.mod h1:DE/n4mp+iqVyvxHN41Vf1CR602GiHQjFPusMFW6bGR4=
cloud.google.com/go/area120 v0.6.0/go.mod h1:39yFJqWVgm0UZqWTOdqkLhjoC7uFfgXRC8g/ZegeAh0=
cloud.google.com/go/artifactregistry v1.6.0/go.mod h1:IYt0oBPSAGYj/kprzsBjZ/4LnG/zOcHyFHjWPCi6SAQ=
cloud.google.com/go/artifactregistry v1.7.0/go.mod h1:mqTOFOnGZx8EtSqK/ZWcsm/4U8B77rbcLP6ruDU2Ixk=
cloud.google.com/go/artifactregistry v1.8.0/go.mod h1:w3GQXkJX8hiKN0v+at4b0qotwijQbYUqF2GWkZzAhC0=
cloud.google.com/go/artifactregistry v1.9.0/go.mod h1:2K2RqvA2CYvAeARHRkLDhMDJ3OXy26h3XW+3/Jh2uYc=
cloud.google.com/go/asset v1.5.0/go.mod h1:5mfs8UvcM5wHhqtSv8J1CtxxaQq3AdBxxQi2jGW/K4o=
cloud.google.com/go/asset v1.7.0/go.mod h1:YbENsRK4+xTiL+Ofoj5Ckf+O17kJtgp3Y3nn4uzZz5s=
cloud.google.com/go/asset v1.8.0/go.mod h1:mUNGKhiqIdbr8X7KNayoYvyc4HbbFO9URsjbytpUaW0=
cloud.google.com/go/asset v1.9.0/go.mod h1:83MOE6jEJBMqFKadM9NLRcs80Gdw76qGuHn8m3h8oHQ=
cloud.google.com/go/asset v1.10.0/go.mod h1:pLz7uokL80qKhzKr4xXGvBQXnzHn5evJAEAtZiIb0wY=
cloud.google.com/go/assuredworkloads v1.5.0/go.mod h1:n8HOZ6pff6re5KYfBXcFvSViQjDwxFkAkmUFffJRbbY=
cloud.google.com/go/assuredworkloads v1.6.0/go.mod h1:yo2YOk37Yc89Rsd5QMVECvjaMKymF9OP+QXWlKXUkXw=
cloud.google.com/go/assuredworkloads v1.7.0/go.mod h1:z/736/oNmtGAyU47reJgGN+KVoYoxeLBoj4XkKYscNI=
cloud.google.com/go/assuredworkloads v1.8.0/go.mod h1:AsX2cqyNCOvEQC8RMPnoc0yEarXQk6WEKkxYfL6kGIo=
cloud.google.com/go/assuredworkloads v1.9.0/go.mod h1:kFuI1P78bplYtT77Tb1hi0FMxM0vVpRC7VVoJC3ZoT0=
cloud.google.com/go/automl v1.5.0/go.mod h1:34EjfoFGMZ5sgJ9EoLsRtdPSNZLcfflJR39VbVNS2M0=
cloud.google.com/go/automl v1.6.0/go.mod h1:ugf8a6Fx+zP0D59WLhqgTDsQI9w07o64uf/Is3Nh5p8=
cloud.google.com/go/automl v1.7.0/go.mod h1:RL9MYCCsJEOmt0Wf3z9uzG0a7adTT1fe+aObgSpkCt8=
cloud.google.com/go/automl v1.8.0/go.mod h1:xWx7G/aPEe/NP+qzYXktoBSDfjO+vnKMGgsApGJJquM=
cloud.google.com/go/baremetalsolution v0.3.0/go.mod h1:XOrocE+pvK1xFfleEnShBlNAXf+j5blPPxrhjKgnIFc=
cloud.google.com/go/baremetalsolution v0.4.0/go.mod h1:BymplhAadOO/eBa7KewQ0Ppg4A4Wplbn+PsFKRLo0uI=
cloud.google.com/go/batch v0.3.0/go.mod h1:TR18ZoAekj1GuirsUsR1ZTKN3FC/4UDnScjT8NXImFE=
cloud.google.com/go/batch v0.4.0/go.mod h1:WZkHnP43R/QCGQsZ+0JyG4i79ranE2u8xvjq/9+STPE=
cloud.google.com/go/beyondcorp v0.2.0/go.mod h1:TB7Bd+EEtcw9PCPQhCJtJGjk/7TC6ckmnSFS+xwTfm4=